lockfileVersion: '9.0'

settings:
  autoInstallPeers: true
  excludeLinksFromLockfile: false

importers:

  .:
    dependencies:
      preact:
        specifier: ^10.25.1
        version: 10.29.0
    devDependencies:
      '@biomejs/biome':
        specifier: ^2.0.0
        version: 2.4.10
      '@rsbuild/core':
        specifier: ^1.1.8
        version: 1.7.5
      '@rsbuild/plugin-preact':
        specifier: ^1.2.0
        version: 1.7.2(@rsbuild/core@1.7.5)(preact@10.29.0)
      the-new-css-reset:
        specifier: ^1.11.3
        version: 1.11.3
      typescript:
        specifier: ^6.0.0
        version: 6.0.2

packages:

  '@biomejs/biome@2.4.10':
    resolution: {integrity: sha512-xxA3AphFQ1geij4JTHXv4EeSTda1IFn22ye9LdyVPoJU19fNVl0uzfEuhsfQ4Yue/0FaLs2/ccVi4UDiE7R30w==}
    engines: {node: '>=14.21.3'}
    hasBin: true

  '@biomejs/cli-darwin-arm64@2.4.10':
    resolution: {integrity: sha512-vuzzI1cWqDVzOMIkYyHbKqp+AkQq4K7k+UCXWpkYcY/HDn1UxdsbsfgtVpa40shem8Kax4TLDLlx8kMAecgqiw==}
    engines: {node: '>=14.21.3'}
    cpu: [arm64]
    os: [darwin]

  '@biomejs/cli-darwin-x64@2.4.10':
    resolution: {integrity: sha512-14fzASRo+BPotwp7nWULy2W5xeUyFnTaq1V13Etrrxkrih+ez/2QfgFm5Ehtf5vSjtgx/IJycMMpn5kPd5ZNaA==}
    engines: {node: '>=14.21.3'}
    cpu: [x64]
    os: [darwin]

  '@biomejs/cli-linux-arm64-musl@2.4.10':
    resolution: {integrity: sha512-WrJY6UuiSD/Dh+nwK2qOTu8kdMDlLV3dLMmychIghHPAysWFq1/DGC1pVZx8POE3ZkzKR3PUUnVrtZfMfaJjyQ==}
    engines: {node: '>=14.21.3'}
    cpu: [arm64]
    os: [linux]
    libc: [musl]

  '@biomejs/cli-linux-arm64@2.4.10':
    resolution: {integrity: sha512-7MH1CMW5uuxQ/s7FLST63qF8B3Hgu2HRdZ7tA1X1+mk+St4JOuIrqdhIBnnyqeyWJNI+Bww7Es5QZ0wIc1Cmkw==}
    engines: {node: '>=14.21.3'}
    cpu: [arm64]
    os: [linux]
    libc: [glibc]

  '@biomejs/cli-linux-x64-musl@2.4.10':
    resolution: {integrity: sha512-kDTi3pI6PBN6CiczsWYOyP2zk0IJI08EWEQyDMQWW221rPaaEz6FvjLhnU07KMzLv8q3qSuoB93ua6inSQ55Tw==}
    engines: {node: '>=14.21.3'}
    cpu: [x64]
    os: [linux]
    libc: [musl]

  '@biomejs/cli-linux-x64@2.4.10':
    resolution: {integrity: sha512-tZLvEEi2u9Xu1zAqRjTcpIDGVtldigVvzug2fTuPG0ME/g8/mXpRPcNgLB22bGn6FvLJpHHnqLnwliOu8xjYrg==}
    engines: {node: '>=14.21.3'}
    cpu: [x64]
    os: [linux]
    libc: [glibc]

  '@biomejs/cli-win32-arm64@2.4.10':
    resolution: {integrity: sha512-umwQU6qPzH+ISTf/eHyJ/QoQnJs3V9Vpjz2OjZXe9MVBZ7prgGafMy7yYeRGnlmDAn87AKTF3Q6weLoMGpeqdQ==}
    engines: {node: '>=14.21.3'}
    cpu: [arm64]
    os: [win32]

  '@biomejs/cli-win32-x64@2.4.10':
    resolution: {integrity: sha512-aW/JU5GuyH4uxMrNYpoC2kjaHlyJGLgIa3XkhPEZI0uKhZhJZU8BuEyJmvgzSPQNGozBwWjC972RaNdcJ9KyJg==}
    engines: {node: '>=14.21.3'}
    cpu: [x64]
    os: [win32]

  '@emnapi/core@1.9.1':
    resolution: {integrity: sha512-mukuNALVsoix/w1BJwFzwXBN/dHeejQtuVzcDsfOEsdpCumXb/E9j8w11h5S54tT1xhifGfbbSm/ICrObRb3KA==}

  '@emnapi/runtime@1.9.1':
    resolution: {integrity: sha512-VYi5+ZVLhpgK4hQ0TAjiQiZ6ol0oe4mBx7mVv7IflsiEp0OWoVsp/+f9Vc1hOhE0TtkORVrI1GvzyreqpgWtkA==}

  '@emnapi/wasi-threads@1.2.0':
    resolution: {integrity: sha512-N10dEJNSsUx41Z6pZsXU8FjPjpBEplgH24sfkmITrBED1/U2Esum9F3lfLrMjKHHjmi557zQn7kR9R+XWXu5Rg==}

  '@module-federation/error-codes@0.22.0':
    resolution: {integrity: sha512-xF9SjnEy7vTdx+xekjPCV5cIHOGCkdn3pIxo9vU7gEZMIw0SvAEdsy6Uh17xaCpm8V0FWvR0SZoK9Ik6jGOaug==}

  '@module-federation/runtime-core@0.22.0':
    resolution: {integrity: sha512-GR1TcD6/s7zqItfhC87zAp30PqzvceoeDGYTgF3Vx2TXvsfDrhP6Qw9T4vudDQL3uJRne6t7CzdT29YyVxlgIA==}

  '@module-federation/runtime-tools@0.22.0':
    resolution: {integrity: sha512-4ScUJ/aUfEernb+4PbLdhM/c60VHl698Gn1gY21m9vyC1Ucn69fPCA1y2EwcCB7IItseRMoNhdcWQnzt/OPCNA==}

  '@module-federation/runtime@0.22.0':
    resolution: {integrity: sha512-38g5iPju2tPC3KHMPxRKmy4k4onNp6ypFPS1eKGsNLUkXgHsPMBFqAjDw96iEcjri91BrahG4XcdyKi97xZzlA==}

  '@module-federation/sdk@0.22.0':
    resolution: {integrity: sha512-x4aFNBKn2KVQRuNVC5A7SnrSCSqyfIWmm1DvubjbO9iKFe7ith5niw8dqSFBekYBg2Fwy+eMg4sEFNVvCAdo6g==}

  '@module-federation/webpack-bundler-runtime@0.22.0':
    resolution: {integrity: sha512-aM8gCqXu+/4wBmJtVeMeeMN5guw3chf+2i6HajKtQv7SJfxV/f4IyNQJUeUQu9HfiAZHjqtMV5Lvq/Lvh8LdyA==}

  '@napi-rs/wasm-runtime@1.0.7':
    resolution: {integrity: sha512-SeDnOO0Tk7Okiq6DbXmmBODgOAb9dp9gjlphokTUxmt8U3liIP1ZsozBahH69j/RJv+Rfs6IwUKHTgQYJ/HBAw==}

  '@prefresh/core@1.5.9':
    resolution: {integrity: sha512-IKBKCPaz34OFVC+adiQ2qaTF5qdztO2/4ZPf4KsRTgjKosWqxVXmEbxCiUydYZRY8GVie+DQlKzQr9gt6HQ+EQ==}
    peerDependencies:
      preact: ^10.0.0 || ^11.0.0-0

  '@prefresh/utils@1.2.1':
    resolution: {integrity: sha512-vq/sIuN5nYfYzvyayXI4C2QkprfNaHUQ9ZX+3xLD8nL3rWyzpxOm1+K7RtMbhd+66QcaISViK7amjnheQ/4WZw==}

  '@rsbuild/core@1.7.5':
    resolution: {integrity: sha512-i37urpoV4y9NSsGiUOuLdoI42KJ5h4gAZ8EG8Ilmsond3bxoAoOCu7YvC+1pJ7p+r16suVPW8cki891ZKHOoXQ==}
    engines: {node: '>=18.12.0'}
    hasBin: true

  '@rsbuild/plugin-preact@1.7.2':
    resolution: {integrity: sha512-MHDpgrwmUp0Ktgem6A2Tih3xX7arGuKiUVkh4dDObE/UbWfJhyXcyq0q5gNaWVfqTgbVBHfL9bVy8jhzcY67TA==}
    peerDependencies:
      '@rsbuild/core': ^1.0.0 || ^2.0.0-0
    peerDependenciesMeta:
      '@rsbuild/core':
        optional: true

  '@rspack/binding-darwin-arm64@1.7.10':
    resolution: {integrity: sha512-bsXi7I6TpH+a4L6okIUh1JDvwT+XcK/L7Yvhu5G2t5YYyd2fl5vMM5O9cePRpEb0RdqJZ3Z8i9WIWHap9aQ8Gw==}
    cpu: [arm64]
    os: [darwin]

  '@rspack/binding-darwin-x64@1.7.10':
    resolution: {integrity: sha512-h/kOGL1bUflDDYnbiUjaRE9kagJpour4FatGihueV03+cRGQ6jpde+BjUakqzMx65CeDbeYI6jAiPhElnlAtRw==}
    cpu: [x64]
    os: [darwin]

  '@rspack/binding-linux-arm64-gnu@1.7.10':
    resolution: {integrity: sha512-Z4reus7UxGM4+JuhiIht8KuGP1KgM7nNhOlXUHcQCMswP/Rymj5oJQN3TDWgijFUZs09ULl8t3T+AQAVTd/WvA==}
    cpu: [arm64]
    os: [linux]
    libc: [glibc]

  '@rspack/binding-linux-arm64-musl@1.7.10':
    resolution: {integrity: sha512-LYaoVmWizG4oQ3g+St3eM5qxsyfH07kLirP7NJcDMgvu3eQ29MeyTZ3ugkgW6LvlmJue7eTQyf6CZlanoF5SSg==}
    cpu: [arm64]
    os: [linux]
    libc: [musl]

  '@rspack/binding-linux-x64-gnu@1.7.10':
    resolution: {integrity: sha512-aIm2G4Kcm3qxDTNqKarK0oaLY2iXnCmpRQQhAcMlR0aS2LmxL89XzVeRr9GFA1MzGrAsZONWCLkxQvn3WUbm4Q==}
    cpu: [x64]
    os: [linux]
    libc: [glibc]

  '@rspack/binding-linux-x64-musl@1.7.10':
    resolution: {integrity: sha512-SIHQbAgB9IPH0H3H+i5rN5jo9yA/yTMq8b7XfRkTMvZ7P7MXxJ0dE8EJu3BmCLM19sqnTc2eX+SVfE8ZMDzghA==}
    cpu: [x64]
    os: [linux]
    libc: [musl]

  '@rspack/binding-wasm32-wasi@1.7.10':
    resolution: {integrity: sha512-J9HDXHD1tj+9FmX4+K3CTkO7dCE2bootlR37YuC2Owc0Lwl1/i2oGT71KHnMqI9faF/hipAaQM5OywkiiuNB7w==}
    cpu: [wasm32]

  '@rspack/binding-win32-arm64-msvc@1.7.10':
    resolution: {integrity: sha512-FaQGSCXH89nMOYW0bVp0bKQDQbrOEFFm7yedla7g6mkWlFVQo5UyBxid5wJUCqGJBtJepRxeRfByWiaI5nVGvg==}
    cpu: [arm64]
    os: [win32]

  '@rspack/binding-win32-ia32-msvc@1.7.10':
    resolution: {integrity: sha512-/66TNLOeM4R5dHhRWRVbMTgWghgxz+32ym0c/zGGXQRoMbz7210EoL40ALUgdBdeeREO8LoV+Mn7v8/QZCwHzw==}
    cpu: [ia32]
    os: [win32]

  '@rspack/binding-win32-x64-msvc@1.7.10':
    resolution: {integrity: sha512-SUa3v1W7PGFCy6AHRmDsm43/tkfaZFi1TN2oIk5aCdT9T51baDVBjAbehRDu9xFbK4piL3k7uqIVSIrKgVqk1g==}
    cpu: [x64]
    os: [win32]

  '@rspack/binding@1.7.10':
    resolution: {integrity: sha512-j+DPEaSJLRgasxXNpYQpvC7wUkQF5WoWPiTfm4fLczwlAmYwGSVkJiyWDrOlvVPiGGYiXIaXEjVWTw6fT6/vnA==}

  '@rspack/core@1.7.10':
    resolution: {integrity: sha512-dO7J0aHSa9Fg2kGT0+ZsM500lMdlNIyCHavIaz7dTDn6KXvFz1qbWQ/48x3OlNFw1mA0jxAjjw9e7h3sWQZUNg==}
    engines: {node: '>=18.12.0'}
    peerDependencies:
      '@swc/helpers': '>=0.5.1'
    peerDependenciesMeta:
      '@swc/helpers':
        optional: true

  '@rspack/lite-tapable@1.1.0':
    resolution: {integrity: sha512-E2B0JhYFmVAwdDiG14+DW0Di4Ze4Jg10Pc4/lILUrd5DRCaklduz2OvJ5HYQ6G+hd+WTzqQb3QnDNfK4yvAFYw==}

  '@rspack/plugin-preact-refresh@1.1.5':
    resolution: {integrity: sha512-1oXF8ovAF+XoMcZ1qjeJ+l28qXAnKmVulV8Q5/Q1bXDkfMBmvC10O94wpxojcIY/kdMrHIFTfWbUhm0qBcYeGA==}
    peerDependencies:
      '@prefresh/core': ^1.5.0
      '@prefresh/utils': ^1.2.0

  '@swc/counter@0.1.3':
    resolution: {integrity: sha512-e2BR4lsJkkRlKZ/qCHPw9ZaSxc0MVUd7gtbtaB7aMvHeJVYe8sOB8DBZkP2DtISHGSku9sCK6T6cnY0CtXrOCQ==}

  '@swc/helpers@0.5.20':
    resolution: {integrity: sha512-2egEBHUMasdypIzrprsu8g+OEVd7Vp2MM3a2eVlM/cyFYto0nGz5BX5BTgh/ShZZI9ed+ozEq+Ngt+rgmUs8tw==}

  '@swc/plugin-prefresh@12.7.0':
    resolution: {integrity: sha512-1d+YWDPdeHcxbK6WXwm+TYMDwKSsSzf6OoqFrBpUujr3XvE2ydK+egocGJS7Z8bhwIUD4bHst6CqZVO+v32o/Q==}

  '@tybys/wasm-util@0.10.1':
    resolution: {integrity: sha512-9tTaPJLSiejZKx+Bmog4uSubteqTvFrVrURwkmHixBo0G4seD0zUxp98E1DzUBJxLQ3NPwXrGKDiVjwx/DpPsg==}

  core-js@3.47.0:
    resolution: {integrity: sha512-c3Q2VVkGAUyupsjRnaNX6u8Dq2vAdzm9iuPj5FW0fRxzlxgq9Q39MDq10IvmQSpLgHQNyQzQmOo6bgGHmH3NNg==}

  jiti@2.6.1:
    resolution: {integrity: sha512-ekilCSN1jwRvIbgeg/57YFh8qQDNbwDb9xT/qu2DAHbFFZUicIl4ygVaAvzveMhMVr3LnpSKTNnwt8PoOfmKhQ==}
    hasBin: true

  preact@10.29.0:
    resolution: {integrity: sha512-wSAGyk2bYR1c7t3SZ3jHcM6xy0lcBcDel6lODcs9ME6Th++Dx2KU+6D3HD8wMMKGA8Wpw7OMd3/4RGzYRpzwRg==}

  the-new-css-reset@1.11.3:
    resolution: {integrity: sha512-61SB81vu9foUyEIqoU1CeqxrdlsVjJojj/CBXoG8BdvlKFsllB0Rza63DblnRqH+3uttPj3FGWo7+c9nu7MT+A==}

  tslib@2.8.1:
    resolution: {integrity: sha512-oJFu94HQb+KVduSUQL7wnpmqnfmLsOA/nAh6b6EH0wCEoK0/mPeXU6c3wKDV83MkOuHPRHtSXKKU99IBazS/2w==}

  typescript@6.0.2:
    resolution: {integrity: sha512-bGdAIrZ0wiGDo5l8c++HWtbaNCWTS4UTv7RaTH/ThVIgjkveJt83m74bBHMJkuCbslY8ixgLBVZJIOiQlQTjfQ==}
    engines: {node: '>=14.17'}
    hasBin: true

snapshots:

  '@biomejs/biome@2.4.10':
    optionalDependencies:
      '@biomejs/cli-darwin-arm64': 2.4.10
      '@biomejs/cli-darwin-x64': 2.4.10
      '@biomejs/cli-linux-arm64': 2.4.10
      '@biomejs/cli-linux-arm64-musl': 2.4.10
      '@biomejs/cli-linux-x64': 2.4.10
      '@biomejs/cli-linux-x64-musl': 2.4.10
      '@biomejs/cli-win32-arm64': 2.4.10
      '@biomejs/cli-win32-x64': 2.4.10

  '@biomejs/cli-darwin-arm64@2.4.10':
    optional: true

  '@biomejs/cli-darwin-x64@2.4.10':
    optional: true

  '@biomejs/cli-linux-arm64-musl@2.4.10':
    optional: true

  '@biomejs/cli-linux-arm64@2.4.10':
    optional: true

  '@biomejs/cli-linux-x64-musl@2.4.10':
    optional: true

  '@biomejs/cli-linux-x64@2.4.10':
    optional: true

  '@biomejs/cli-win32-arm64@2.4.10':
    optional: true

  '@biomejs/cli-win32-x64@2.4.10':
    optional: true

  '@emnapi/core@1.9.1':
    dependencies:
      '@emnapi/wasi-threads': 1.2.0
      tslib: 2.8.1
    optional: true

  '@emnapi/runtime@1.9.1':
    dependencies:
      tslib: 2.8.1
    optional: true

  '@emnapi/wasi-threads@1.2.0':
    dependencies:
      tslib: 2.8.1
    optional: true

  '@module-federation/error-codes@0.22.0': {}

  '@module-federation/runtime-core@0.22.0':
    dependencies:
      '@module-federation/error-codes': 0.22.0
      '@module-federation/sdk': 0.22.0

  '@module-federation/runtime-tools@0.22.0':
    dependencies:
      '@module-federation/runtime': 0.22.0
      '@module-federation/webpack-bundler-runtime': 0.22.0

  '@module-federation/runtime@0.22.0':
    dependencies:
      '@module-federation/error-codes': 0.22.0
      '@module-federation/runtime-core': 0.22.0
      '@module-federation/sdk': 0.22.0

  '@module-federation/sdk@0.22.0': {}

  '@module-federation/webpack-bundler-runtime@0.22.0':
    dependencies:
      '@module-federation/runtime': 0.22.0
      '@module-federation/sdk': 0.22.0

  '@napi-rs/wasm-runtime@1.0.7':
    dependencies:
      '@emnapi/core': 1.9.1
      '@emnapi/runtime': 1.9.1
      '@tybys/wasm-util': 0.10.1
    optional: true

  '@prefresh/core@1.5.9(preact@10.29.0)':
    dependencies:
      preact: 10.29.0

  '@prefresh/utils@1.2.1': {}

  '@rsbuild/core@1.7.5':
    dependencies:
      '@rspack/core': 1.7.10(@swc/helpers@0.5.20)
      '@rspack/lite-tapable': 1.1.0
      '@swc/helpers': 0.5.20
      core-js: 3.47.0
      jiti: 2.6.1

  '@rsbuild/plugin-preact@1.7.2(@rsbuild/core@1.7.5)(preact@10.29.0)':
    dependencies:
      '@prefresh/core': 1.5.9(preact@10.29.0)
      '@prefresh/utils': 1.2.1
      '@rspack/plugin-preact-refresh': 1.1.5(@prefresh/core@1.5.9(preact@10.29.0))(@prefresh/utils@1.2.1)
      '@swc/plugin-prefresh': 12.7.0
    optionalDependencies:
      '@rsbuild/core': 1.7.5
    transitivePeerDependencies:
      - preact

  '@rspack/binding-darwin-arm64@1.7.10':
    optional: true

  '@rspack/binding-darwin-x64@1.7.10':
    optional: true

  '@rspack/binding-linux-arm64-gnu@1.7.10':
    optional: true

  '@rspack/binding-linux-arm64-musl@1.7.10':
    optional: true

  '@rspack/binding-linux-x64-gnu@1.7.10':
    optional: true

  '@rspack/binding-linux-x64-musl@1.7.10':
    optional: true

  '@rspack/binding-wasm32-wasi@1.7.10':
    dependencies:
      '@napi-rs/wasm-runtime': 1.0.7
    optional: true

  '@rspack/binding-win32-arm64-msvc@1.7.10':
    optional: true

  '@rspack/binding-win32-ia32-msvc@1.7.10':
    optional: true

  '@rspack/binding-win32-x64-msvc@1.7.10':
    optional: true

  '@rspack/binding@1.7.10':
    optionalDependencies:
      '@rspack/binding-darwin-arm64': 1.7.10
      '@rspack/binding-darwin-x64': 1.7.10
      '@rspack/binding-linux-arm64-gnu': 1.7.10
      '@rspack/binding-linux-arm64-musl': 1.7.10
      '@rspack/binding-linux-x64-gnu': 1.7.10
      '@rspack/binding-linux-x64-musl': 1.7.10
      '@rspack/binding-wasm32-wasi': 1.7.10
      '@rspack/binding-win32-arm64-msvc': 1.7.10
      '@rspack/binding-win32-ia32-msvc': 1.7.10
      '@rspack/binding-win32-x64-msvc': 1.7.10

  '@rspack/core@1.7.10(@swc/helpers@0.5.20)':
    dependencies:
      '@module-federation/runtime-tools': 0.22.0
      '@rspack/binding': 1.7.10
      '@rspack/lite-tapable': 1.1.0
    optionalDependencies:
      '@swc/helpers': 0.5.20

  '@rspack/lite-tapable@1.1.0': {}

  '@rspack/plugin-preact-refresh@1.1.5(@prefresh/core@1.5.9(preact@10.29.0))(@prefresh/utils@1.2.1)':
    dependencies:
      '@prefresh/core': 1.5.9(preact@10.29.0)
      '@prefresh/utils': 1.2.1

  '@swc/counter@0.1.3': {}

  '@swc/helpers@0.5.20':
    dependencies:
      tslib: 2.8.1

  '@swc/plugin-prefresh@12.7.0':
    dependencies:
      '@swc/counter': 0.1.3

  '@tybys/wasm-util@0.10.1':
    dependencies:
      tslib: 2.8.1
    optional: true

  core-js@3.47.0: {}

  jiti@2.6.1: {}

  preact@10.29.0: {}

  the-new-css-reset@1.11.3: {}

  tslib@2.8.1: {}

  typescript@6.0.2: {}
