lockfileVersion: '9.0'

settings:
  autoInstallPeers: true
  excludeLinksFromLockfile: false

importers:

  .:
    dependencies:
      preact:
        specifier: ^10.25.1
        version: 10.28.1
    devDependencies:
      '@biomejs/biome':
        specifier: ^2.0.0
        version: 2.3.11
      '@rsbuild/core':
        specifier: ^1.1.8
        version: 1.7.2
      '@rsbuild/plugin-preact':
        specifier: ^1.2.0
        version: 1.7.0(@rsbuild/core@1.7.2)(preact@10.28.1)
      the-new-css-reset:
        specifier: ^1.11.3
        version: 1.11.3
      typescript:
        specifier: ^5.7.2
        version: 5.9.3

packages:

  '@biomejs/biome@2.3.11':
    resolution: {integrity: sha512-/zt+6qazBWguPG6+eWmiELqO+9jRsMZ/DBU3lfuU2ngtIQYzymocHhKiZRyrbra4aCOoyTg/BmY+6WH5mv9xmQ==}
    engines: {node: '>=14.21.3'}
    hasBin: true

  '@biomejs/cli-darwin-arm64@2.3.11':
    resolution: {integrity: sha512-/uXXkBcPKVQY7rc9Ys2CrlirBJYbpESEDme7RKiBD6MmqR2w3j0+ZZXRIL2xiaNPsIMMNhP1YnA+jRRxoOAFrA==}
    engines: {node: '>=14.21.3'}
    cpu: [arm64]
    os: [darwin]

  '@biomejs/cli-darwin-x64@2.3.11':
    resolution: {integrity: sha512-fh7nnvbweDPm2xEmFjfmq7zSUiox88plgdHF9OIW4i99WnXrAC3o2P3ag9judoUMv8FCSUnlwJCM1B64nO5Fbg==}
    engines: {node: '>=14.21.3'}
    cpu: [x64]
    os: [darwin]

  '@biomejs/cli-linux-arm64-musl@2.3.11':
    resolution: {integrity: sha512-XPSQ+XIPZMLaZ6zveQdwNjbX+QdROEd1zPgMwD47zvHV+tCGB88VH+aynyGxAHdzL+Tm/+DtKST5SECs4iwCLg==}
    engines: {node: '>=14.21.3'}
    cpu: [arm64]
    os: [linux]

  '@biomejs/cli-linux-arm64@2.3.11':
    resolution: {integrity: sha512-l4xkGa9E7Uc0/05qU2lMYfN1H+fzzkHgaJoy98wO+b/7Gl78srbCRRgwYSW+BTLixTBrM6Ede5NSBwt7rd/i6g==}
    engines: {node: '>=14.21.3'}
    cpu: [arm64]
    os: [linux]

  '@biomejs/cli-linux-x64-musl@2.3.11':
    resolution: {integrity: sha512-vU7a8wLs5C9yJ4CB8a44r12aXYb8yYgBn+WeyzbMjaCMklzCv1oXr8x+VEyWodgJt9bDmhiaW/I0RHbn7rsNmw==}
    engines: {node: '>=14.21.3'}
    cpu: [x64]
    os: [linux]

  '@biomejs/cli-linux-x64@2.3.11':
    resolution: {integrity: sha512-/1s9V/H3cSe0r0Mv/Z8JryF5x9ywRxywomqZVLHAoa/uN0eY7F8gEngWKNS5vbbN/BsfpCG5yeBT5ENh50Frxg==}
    engines: {node: '>=14.21.3'}
    cpu: [x64]
    os: [linux]

  '@biomejs/cli-win32-arm64@2.3.11':
    resolution: {integrity: sha512-PZQ6ElCOnkYapSsysiTy0+fYX+agXPlWugh6+eQ6uPKI3vKAqNp6TnMhoM3oY2NltSB89hz59o8xIfOdyhi9Iw==}
    engines: {node: '>=14.21.3'}
    cpu: [arm64]
    os: [win32]

  '@biomejs/cli-win32-x64@2.3.11':
    resolution: {integrity: sha512-43VrG813EW+b5+YbDbz31uUsheX+qFKCpXeY9kfdAx+ww3naKxeVkTD9zLIWxUPfJquANMHrmW3wbe/037G0Qg==}
    engines: {node: '>=14.21.3'}
    cpu: [x64]
    os: [win32]

  '@emnapi/core@1.8.1':
    resolution: {integrity: sha512-AvT9QFpxK0Zd8J0jopedNm+w/2fIzvtPKPjqyw9jwvBaReTTqPBk9Hixaz7KbjimP+QNz605/XnjFcDAL2pqBg==}

  '@emnapi/runtime@1.8.1':
    resolution: {integrity: sha512-mehfKSMWjjNol8659Z8KxEMrdSJDDot5SXMq00dM8BN4o+CLNXQ0xH2V7EchNHV4RmbZLmmPdEaXZc5H2FXmDg==}

  '@emnapi/wasi-threads@1.1.0':
    resolution: {integrity: sha512-WI0DdZ8xFSbgMjR1sFsKABJ/C5OnRrjT06JXbZKexJGrDuPTzZdDYfFlsgcCXCyf+suG5QU2e/y1Wo2V/OapLQ==}

  '@module-federation/error-codes@0.22.0':
    resolution: {integrity: sha512-xF9SjnEy7vTdx+xekjPCV5cIHOGCkdn3pIxo9vU7gEZMIw0SvAEdsy6Uh17xaCpm8V0FWvR0SZoK9Ik6jGOaug==}

  '@module-federation/runtime-core@0.22.0':
    resolution: {integrity: sha512-GR1TcD6/s7zqItfhC87zAp30PqzvceoeDGYTgF3Vx2TXvsfDrhP6Qw9T4vudDQL3uJRne6t7CzdT29YyVxlgIA==}

  '@module-federation/runtime-tools@0.22.0':
    resolution: {integrity: sha512-4ScUJ/aUfEernb+4PbLdhM/c60VHl698Gn1gY21m9vyC1Ucn69fPCA1y2EwcCB7IItseRMoNhdcWQnzt/OPCNA==}

  '@module-federation/runtime@0.22.0':
    resolution: {integrity: sha512-38g5iPju2tPC3KHMPxRKmy4k4onNp6ypFPS1eKGsNLUkXgHsPMBFqAjDw96iEcjri91BrahG4XcdyKi97xZzlA==}

  '@module-federation/sdk@0.22.0':
    resolution: {integrity: sha512-x4aFNBKn2KVQRuNVC5A7SnrSCSqyfIWmm1DvubjbO9iKFe7ith5niw8dqSFBekYBg2Fwy+eMg4sEFNVvCAdo6g==}

  '@module-federation/webpack-bundler-runtime@0.22.0':
    resolution: {integrity: sha512-aM8gCqXu+/4wBmJtVeMeeMN5guw3chf+2i6HajKtQv7SJfxV/f4IyNQJUeUQu9HfiAZHjqtMV5Lvq/Lvh8LdyA==}

  '@napi-rs/wasm-runtime@1.0.7':
    resolution: {integrity: sha512-SeDnOO0Tk7Okiq6DbXmmBODgOAb9dp9gjlphokTUxmt8U3liIP1ZsozBahH69j/RJv+Rfs6IwUKHTgQYJ/HBAw==}

  '@prefresh/core@1.5.9':
    resolution: {integrity: sha512-IKBKCPaz34OFVC+adiQ2qaTF5qdztO2/4ZPf4KsRTgjKosWqxVXmEbxCiUydYZRY8GVie+DQlKzQr9gt6HQ+EQ==}
    peerDependencies:
      preact: ^10.0.0 || ^11.0.0-0

  '@prefresh/utils@1.2.1':
    resolution: {integrity: sha512-vq/sIuN5nYfYzvyayXI4C2QkprfNaHUQ9ZX+3xLD8nL3rWyzpxOm1+K7RtMbhd+66QcaISViK7amjnheQ/4WZw==}

  '@rsbuild/core@1.7.2':
    resolution: {integrity: sha512-VAFO6cM+cyg2ntxNW6g3tB2Jc5J5mpLjLluvm7VtW2uceNzyUlVv41o66Yp1t1ikxd3ljtqegViXem62JqzveA==}
    engines: {node: '>=18.12.0'}
    hasBin: true

  '@rsbuild/plugin-preact@1.7.0':
    resolution: {integrity: sha512-jBjWcOOaEnjIyE/zPVtrF8inLmgpEbPG+fktfIiY4DihXrqdBc1j+wOoLXcdnlT+lEpWxmTrGsytTj9vUc6GFA==}
    peerDependencies:
      '@rsbuild/core': 1.x

  '@rspack/binding-darwin-arm64@1.7.1':
    resolution: {integrity: sha512-3C0w0kfCHfgOH+AP/Dx1bm/b3AR/or5CmU22Abevek0m95ndU3iT902eLcm9JNiMQnDQLBQbolfj5P591t0oPg==}
    cpu: [arm64]
    os: [darwin]

  '@rspack/binding-darwin-x64@1.7.1':
    resolution: {integrity: sha512-HTrBpdw2gWwcpJ3c8h4JF8B1YRNvrFT+K620ycttrlu/HvI4/U770BBJ/ej36R/hdh59JvMCGe+w49FyXv6rzg==}
    cpu: [x64]
    os: [darwin]

  '@rspack/binding-linux-arm64-gnu@1.7.1':
    resolution: {integrity: sha512-BX9yAPCO0WBFyOzKl9bSXT/cH27nnOJp02smIQMxfv7RNfwGkJg5GgakYcuYG+9U1HEFitBSzmwS2+dxDcAxlg==}
    cpu: [arm64]
    os: [linux]

  '@rspack/binding-linux-arm64-musl@1.7.1':
    resolution: {integrity: sha512-maBX19XyiVkxzh/NA79ALetCobc4zUyoWkWLeCGyW5xKzhPVFatJp+qCiHqHkqUZcgRo+1i5ihoZ2bXmelIeZg==}
    cpu: [arm64]
    os: [linux]

  '@rspack/binding-linux-x64-gnu@1.7.1':
    resolution: {integrity: sha512-8KJAeBLiWcN7zEc9aaS7LRJPZVtZuQU8mCsn+fRhdQDSc+a9FcTN8b6Lw29z8cejwbU6Gxr/8wk5XGexMWFaZA==}
    cpu: [x64]
    os: [linux]

  '@rspack/binding-linux-x64-musl@1.7.1':
    resolution: {integrity: sha512-Gn9x5vhKRELvSoZ3ZjquY8eWtCXur0OsYnZ2/ump8mofM6IDaL7Qqu3Hf4Kud31PDH0tfz0jWf9piX32HHPmgg==}
    cpu: [x64]
    os: [linux]

  '@rspack/binding-wasm32-wasi@1.7.1':
    resolution: {integrity: sha512-2r9M5iVchmsFkp3sz7A5YnMm2TfpkB71LK3AoaRWKMfvf5oFky0GSGISYd2TCBASO+X2Qskaq+B24Szo8zH5FA==}
    cpu: [wasm32]

  '@rspack/binding-win32-arm64-msvc@1.7.1':
    resolution: {integrity: sha512-/WIHp982yqqqAuiz2WLtf1ofo9d1lHDGZJ7flxFllb1iMgnUeSRyX6stxEi11K3Rg6pQa7FdCZGKX/engyj2bw==}
    cpu: [arm64]
    os: [win32]

  '@rspack/binding-win32-ia32-msvc@1.7.1':
    resolution: {integrity: sha512-Kpela29n+kDGGsss6q/3qTd6n9VW7TOQaiA7t1YLdCCl8qqcdKlz/vWjFMd2MqgcSGC/16PvChE4sgpUvryfCQ==}
    cpu: [ia32]
    os: [win32]

  '@rspack/binding-win32-x64-msvc@1.7.1':
    resolution: {integrity: sha512-B/y4MWqP2Xeto1/HV0qtZNOMPSLrEVOqi2b7JSIXG/bhlf+3IAkDzEEoHs+ZikLR4C8hMaS0pVJsDGKFmGzC9A==}
    cpu: [x64]
    os: [win32]

  '@rspack/binding@1.7.1':
    resolution: {integrity: sha512-qVTV1/UWpMSZktvK5A8+HolgR1Qf0nYR3Gg4Vax5x3/BcHDpwGZ0fbdFRUirGVWH/XwxZ81zoI6F2SZq7xbX+w==}

  '@rspack/core@1.7.1':
    resolution: {integrity: sha512-kRxfY8RRa6nU3/viDvAIP6CRpx+0rfXFRonPL0pHBx8u6HhV7m9rLEyaN6MWsLgNIAWkleFGb7tdo4ux2ljRJQ==}
    engines: {node: '>=18.12.0'}
    peerDependencies:
      '@swc/helpers': '>=0.5.1'
    peerDependenciesMeta:
      '@swc/helpers':
        optional: true

  '@rspack/lite-tapable@1.1.0':
    resolution: {integrity: sha512-E2B0JhYFmVAwdDiG14+DW0Di4Ze4Jg10Pc4/lILUrd5DRCaklduz2OvJ5HYQ6G+hd+WTzqQb3QnDNfK4yvAFYw==}

  '@rspack/plugin-preact-refresh@1.1.4':
    resolution: {integrity: sha512-M197BNmvxD7h0hwccmAyc3H6QCeOFPLUExoC9jgEpZI4+dLnbrJyGEEuGss2svUIT6T5d92S71K0o8xSyjuFPQ==}
    peerDependencies:
      '@prefresh/core': ^1.5.0
      '@prefresh/utils': ^1.2.0

  '@swc/counter@0.1.3':
    resolution: {integrity: sha512-e2BR4lsJkkRlKZ/qCHPw9ZaSxc0MVUd7gtbtaB7aMvHeJVYe8sOB8DBZkP2DtISHGSku9sCK6T6cnY0CtXrOCQ==}

  '@swc/helpers@0.5.18':
    resolution: {integrity: sha512-TXTnIcNJQEKwThMMqBXsZ4VGAza6bvN4pa41Rkqoio6QBKMvo+5lexeTMScGCIxtzgQJzElcvIltani+adC5PQ==}

  '@swc/plugin-prefresh@12.3.0':
    resolution: {integrity: sha512-V0ArkVIu6MdFVpZ+Wc6KIma/xb2JE5PQ6wbm56SnQ/LcJ7j8G1AKI3tkf+xVIewgltCqYKdbOJRVF+AYBTDfTA==}

  '@tybys/wasm-util@0.10.1':
    resolution: {integrity: sha512-9tTaPJLSiejZKx+Bmog4uSubteqTvFrVrURwkmHixBo0G4seD0zUxp98E1DzUBJxLQ3NPwXrGKDiVjwx/DpPsg==}

  core-js@3.47.0:
    resolution: {integrity: sha512-c3Q2VVkGAUyupsjRnaNX6u8Dq2vAdzm9iuPj5FW0fRxzlxgq9Q39MDq10IvmQSpLgHQNyQzQmOo6bgGHmH3NNg==}

  jiti@2.6.1:
    resolution: {integrity: sha512-ekilCSN1jwRvIbgeg/57YFh8qQDNbwDb9xT/qu2DAHbFFZUicIl4ygVaAvzveMhMVr3LnpSKTNnwt8PoOfmKhQ==}
    hasBin: true

  preact@10.28.1:
    resolution: {integrity: sha512-u1/ixq/lVQI0CakKNvLDEcW5zfCjUQfZdK9qqWuIJtsezuyG6pk9TWj75GMuI/EzRSZB/VAE43sNWWZfiy8psw==}

  the-new-css-reset@1.11.3:
    resolution: {integrity: sha512-61SB81vu9foUyEIqoU1CeqxrdlsVjJojj/CBXoG8BdvlKFsllB0Rza63DblnRqH+3uttPj3FGWo7+c9nu7MT+A==}

  tslib@2.8.1:
    resolution: {integrity: sha512-oJFu94HQb+KVduSUQL7wnpmqnfmLsOA/nAh6b6EH0wCEoK0/mPeXU6c3wKDV83MkOuHPRHtSXKKU99IBazS/2w==}

  typescript@5.9.3:
    resolution: {integrity: sha512-jl1vZzPDinLr9eUt3J/t7V6FgNEw9QjvBPdysz9KfQDD41fQrC2Y4vKQdiaUpFT4bXlb1RHhLpp8wtm6M5TgSw==}
    engines: {node: '>=14.17'}
    hasBin: true

snapshots:

  '@biomejs/biome@2.3.11':
    optionalDependencies:
      '@biomejs/cli-darwin-arm64': 2.3.11
      '@biomejs/cli-darwin-x64': 2.3.11
      '@biomejs/cli-linux-arm64': 2.3.11
      '@biomejs/cli-linux-arm64-musl': 2.3.11
      '@biomejs/cli-linux-x64': 2.3.11
      '@biomejs/cli-linux-x64-musl': 2.3.11
      '@biomejs/cli-win32-arm64': 2.3.11
      '@biomejs/cli-win32-x64': 2.3.11

  '@biomejs/cli-darwin-arm64@2.3.11':
    optional: true

  '@biomejs/cli-darwin-x64@2.3.11':
    optional: true

  '@biomejs/cli-linux-arm64-musl@2.3.11':
    optional: true

  '@biomejs/cli-linux-arm64@2.3.11':
    optional: true

  '@biomejs/cli-linux-x64-musl@2.3.11':
    optional: true

  '@biomejs/cli-linux-x64@2.3.11':
    optional: true

  '@biomejs/cli-win32-arm64@2.3.11':
    optional: true

  '@biomejs/cli-win32-x64@2.3.11':
    optional: true

  '@emnapi/core@1.8.1':
    dependencies:
      '@emnapi/wasi-threads': 1.1.0
      tslib: 2.8.1
    optional: true

  '@emnapi/runtime@1.8.1':
    dependencies:
      tslib: 2.8.1
    optional: true

  '@emnapi/wasi-threads@1.1.0':
    dependencies:
      tslib: 2.8.1
    optional: true

  '@module-federation/error-codes@0.22.0': {}

  '@module-federation/runtime-core@0.22.0':
    dependencies:
      '@module-federation/error-codes': 0.22.0
      '@module-federation/sdk': 0.22.0

  '@module-federation/runtime-tools@0.22.0':
    dependencies:
      '@module-federation/runtime': 0.22.0
      '@module-federation/webpack-bundler-runtime': 0.22.0

  '@module-federation/runtime@0.22.0':
    dependencies:
      '@module-federation/error-codes': 0.22.0
      '@module-federation/runtime-core': 0.22.0
      '@module-federation/sdk': 0.22.0

  '@module-federation/sdk@0.22.0': {}

  '@module-federation/webpack-bundler-runtime@0.22.0':
    dependencies:
      '@module-federation/runtime': 0.22.0
      '@module-federation/sdk': 0.22.0

  '@napi-rs/wasm-runtime@1.0.7':
    dependencies:
      '@emnapi/core': 1.8.1
      '@emnapi/runtime': 1.8.1
      '@tybys/wasm-util': 0.10.1
    optional: true

  '@prefresh/core@1.5.9(preact@10.28.1)':
    dependencies:
      preact: 10.28.1

  '@prefresh/utils@1.2.1': {}

  '@rsbuild/core@1.7.2':
    dependencies:
      '@rspack/core': 1.7.1(@swc/helpers@0.5.18)
      '@rspack/lite-tapable': 1.1.0
      '@swc/helpers': 0.5.18
      core-js: 3.47.0
      jiti: 2.6.1

  '@rsbuild/plugin-preact@1.7.0(@rsbuild/core@1.7.2)(preact@10.28.1)':
    dependencies:
      '@prefresh/core': 1.5.9(preact@10.28.1)
      '@prefresh/utils': 1.2.1
      '@rsbuild/core': 1.7.2
      '@rspack/plugin-preact-refresh': 1.1.4(@prefresh/core@1.5.9(preact@10.28.1))(@prefresh/utils@1.2.1)
      '@swc/plugin-prefresh': 12.3.0
    transitivePeerDependencies:
      - preact

  '@rspack/binding-darwin-arm64@1.7.1':
    optional: true

  '@rspack/binding-darwin-x64@1.7.1':
    optional: true

  '@rspack/binding-linux-arm64-gnu@1.7.1':
    optional: true

  '@rspack/binding-linux-arm64-musl@1.7.1':
    optional: true

  '@rspack/binding-linux-x64-gnu@1.7.1':
    optional: true

  '@rspack/binding-linux-x64-musl@1.7.1':
    optional: true

  '@rspack/binding-wasm32-wasi@1.7.1':
    dependencies:
      '@napi-rs/wasm-runtime': 1.0.7
    optional: true

  '@rspack/binding-win32-arm64-msvc@1.7.1':
    optional: true

  '@rspack/binding-win32-ia32-msvc@1.7.1':
    optional: true

  '@rspack/binding-win32-x64-msvc@1.7.1':
    optional: true

  '@rspack/binding@1.7.1':
    optionalDependencies:
      '@rspack/binding-darwin-arm64': 1.7.1
      '@rspack/binding-darwin-x64': 1.7.1
      '@rspack/binding-linux-arm64-gnu': 1.7.1
      '@rspack/binding-linux-arm64-musl': 1.7.1
      '@rspack/binding-linux-x64-gnu': 1.7.1
      '@rspack/binding-linux-x64-musl': 1.7.1
      '@rspack/binding-wasm32-wasi': 1.7.1
      '@rspack/binding-win32-arm64-msvc': 1.7.1
      '@rspack/binding-win32-ia32-msvc': 1.7.1
      '@rspack/binding-win32-x64-msvc': 1.7.1

  '@rspack/core@1.7.1(@swc/helpers@0.5.18)':
    dependencies:
      '@module-federation/runtime-tools': 0.22.0
      '@rspack/binding': 1.7.1
      '@rspack/lite-tapable': 1.1.0
    optionalDependencies:
      '@swc/helpers': 0.5.18

  '@rspack/lite-tapable@1.1.0': {}

  '@rspack/plugin-preact-refresh@1.1.4(@prefresh/core@1.5.9(preact@10.28.1))(@prefresh/utils@1.2.1)':
    dependencies:
      '@prefresh/core': 1.5.9(preact@10.28.1)
      '@prefresh/utils': 1.2.1

  '@swc/counter@0.1.3': {}

  '@swc/helpers@0.5.18':
    dependencies:
      tslib: 2.8.1

  '@swc/plugin-prefresh@12.3.0':
    dependencies:
      '@swc/counter': 0.1.3

  '@tybys/wasm-util@0.10.1':
    dependencies:
      tslib: 2.8.1
    optional: true

  core-js@3.47.0: {}

  jiti@2.6.1: {}

  preact@10.28.1: {}

  the-new-css-reset@1.11.3: {}

  tslib@2.8.1: {}

  typescript@5.9.3: {}
